{
  "name": "@backlight-dev/phyum.phyum",
  "version": "0.3.1",
  "lockfileVersion": 2,
  "requires": true,
  "packages": {
    "": {
      "name": "@backlight-dev/phyum.phyum",
      "version": "0.3.1",
      "license": "MIT",
      "dependencies": {
        "@lion/button": "^0.14.2",
        "@lion/calendar": "^0.16.4",
        "@lion/checkbox-group": "^0.18.4",
        "@lion/collapsible": "^0.6.3",
        "@lion/core": "^0.18.2",
        "@lion/dialog": "^0.13.3",
        "@lion/form-core": "^0.15.1",
        "@lion/icon": "^0.13.2",
        "@lion/input": "^0.15.4",
        "@lion/input-amount": "^0.14.4",
        "@lion/input-date": "^0.12.6",
        "@lion/input-datepicker": "^0.23.6",
        "@lion/input-email": "^0.13.6",
        "@lion/input-iban": "^0.16.4",
        "@lion/input-range": "^0.10.5",
        "@lion/input-stepper": "^0.6.4",
        "@lion/listbox": "^0.10.4",
        "@lion/localize": "^0.21.0",
        "@lion/overlays": "^0.28.3",
        "@lion/radio-group": "^0.18.4",
        "@lion/select": "^0.14.4",
        "@lion/select-rich": "^0.27.4",
        "@lion/switch": "^0.18.0",
        "@lion/tabs": "^0.9.3",
        "@lion/textarea": "^0.13.4",
        "@lion/tooltip": "^0.21.3",
        "@lion/validate-messages": "^0.7.4",
        "@open-wc/scoped-elements": "^2.0.0-next.4",
        "dark-theme-utils": "^0.4.0",
        "lit": "2.0.0-rc.4"
      }
    },
    "node_modules/@bundled-es-modules/message-format": {
      "version": "6.0.4",
      "resolved": "https://registry.npmjs.org/@bundled-es-modules/message-format/-/message-format-6.0.4.tgz",
      "integrity": "sha512-NGUoPxqsBzDwvRhY3A3L/AhS1hzS9OWappfyDOyCwE7G3W4ua28gau7QwvJz7QzA6ArbAdeb8c1mLjvd1WUFAA=="
    },
    "node_modules/@lion/button": {
      "version": "0.14.3",
      "resolved": "https://registry.npmjs.org/@lion/button/-/button-0.14.3.tgz",
      "integrity": "sha512-QQ79Nio3HcsF7wX72wi45DA2dzoCsH9bULYEh6E8xEZqM7gF9CMIUSKgTVZ19V9XKycbRLfKjh6dAAH8aamzFw==",
      "dependencies": {
        "@lion/core": "0.18.3"
      }
    },
    "node_modules/@lion/calendar": {
      "version": "0.16.5",
      "resolved": "https://registry.npmjs.org/@lion/calendar/-/calendar-0.16.5.tgz",
      "integrity": "sha512-UnRUtzSym53v+ykCsjq1BpLEaaGupe8RO1F+46ABNiB9fqTXqUz8w9miK10IEyfZgUsf0biQMrJlG9KrZn1l9w==",
      "dependencies": {
        "@lion/core": "0.18.3",
        "@lion/localize": "0.21.1"
      }
    },
    "node_modules/@lion/checkbox-group": {
      "version": "0.18.5",
      "resolved": "https://registry.npmjs.org/@lion/checkbox-group/-/checkbox-group-0.18.5.tgz",
      "integrity": "sha512-XaOKfmT7cx/8zgFBdQQGD6Bvro+OYMDo0oF0d1l3ukzJYCBOLOtqrnUmAilORaR12gbwUZzv49h3XzU0xKsneg==",
      "dependencies": {
        "@lion/core": "0.18.3",
        "@lion/form-core": "0.15.2",
        "@lion/input": "0.15.5"
      }
    },
    "node_modules/@lion/collapsible": {
      "version": "0.6.3",
      "resolved": "https://registry.npmjs.org/@lion/collapsible/-/collapsible-0.6.3.tgz",
      "integrity": "sha512-SGwb69uAx6FXuV044dr15DInB4o7O3idBSZjh0EN+pC46ms6zCoGzBPaoVD0XPyNzYXZV6FELihQprRLXJVYxA==",
      "dependencies": {
        "@lion/core": "0.18.3"
      }
    },
    "node_modules/@lion/core": {
      "version": "0.18.3",
      "resolved": "https://registry.npmjs.org/@lion/core/-/core-0.18.3.tgz",
      "integrity": "sha512-BDRuwLnsyg/kDE382xBoe4ytsEsiDkov0h3VN66Y9tvMpnChf6BxAkfY7g+LlxgbsNihmZnykE+eGE7cfP5PSw==",
      "dependencies": {
        "@open-wc/dedupe-mixin": "^1.2.18",
        "@open-wc/scoped-elements": "^2.0.0-next.3",
        "lit": "^2.0.0-rc.2"
      }
    },
    "node_modules/@lion/dialog": {
      "version": "0.13.4",
      "resolved": "https://registry.npmjs.org/@lion/dialog/-/dialog-0.13.4.tgz",
      "integrity": "sha512-H/hW+nvDJlr4rTVdXxganRoXEnqEV84NqxE4HAlFsJ/RGghmCwQWyad0xo3ecjvWy6mg8fpcVFXK/2cld5y8Qg==",
      "dependencies": {
        "@lion/core": "0.18.3",
        "@lion/overlays": "0.28.4"
      }
    },
    "node_modules/@lion/form-core": {
      "version": "0.15.2",
      "resolved": "https://registry.npmjs.org/@lion/form-core/-/form-core-0.15.2.tgz",
      "integrity": "sha512-wMN4m2zPw0o+XwGB1z9oJ6UTg0L7XeVxzpLQmZqUrgsRP/jiq09q0kEj6rX0R/eSBXbcowemF+p43sBO9wEgoA==",
      "dependencies": {
        "@lion/core": "0.18.3",
        "@lion/localize": "0.21.1"
      }
    },
    "node_modules/@lion/helpers": {
      "version": "0.9.3",
      "resolved": "https://registry.npmjs.org/@lion/helpers/-/helpers-0.9.3.tgz",
      "integrity": "sha512-tz/VFIl+QGbSfmlfL+ajKPvQhIur7f6GWe2G3x4abURBJ7DV/AjHhnCjsMIetYFMgHy2EJNzbeComAUoCX+eIQ==",
      "dependencies": {
        "@lion/core": "0.18.3"
      }
    },
    "node_modules/@lion/icon": {
      "version": "0.13.3",
      "resolved": "https://registry.npmjs.org/@lion/icon/-/icon-0.13.3.tgz",
      "integrity": "sha512-ajKi00pWGaHr71eQRoFCnIj7MEdviHPLAckVeYVYdkehw/WO+dikXUK9lcQaLLk9UlP/qkJUGrt0lxHCRhXQSA==",
      "dependencies": {
        "@lion/core": "0.18.3",
        "singleton-manager": "1.4.2"
      }
    },
    "node_modules/@lion/input": {
      "version": "0.15.5",
      "resolved": "https://registry.npmjs.org/@lion/input/-/input-0.15.5.tgz",
      "integrity": "sha512-k15S+TRvAQH+ov58vcHOK+GY/elTpx3DCWVR6YGMxUMqLLQV3qn99LUG195wXW9ziUSCLLLA1CR4ORDP6l9fXA==",
      "dependencies": {
        "@lion/form-core": "0.15.2"
      }
    },
    "node_modules/@lion/input-amount": {
      "version": "0.14.5",
      "resolved": "https://registry.npmjs.org/@lion/input-amount/-/input-amount-0.14.5.tgz",
      "integrity": "sha512-GRxw6IP2F+zGATiamNNKqxW5tN3Uzqs00JhBIrO4+IhrjlgFD7tNLGGkljGek8TQd6n0WZm7QhE2+y11Z94R2w==",
      "dependencies": {
        "@lion/core": "0.18.3",
        "@lion/form-core": "0.15.2",
        "@lion/input": "0.15.5",
        "@lion/localize": "0.21.1",
        "@lion/validate-messages": "0.7.5"
      }
    },
    "node_modules/@lion/input-date": {
      "version": "0.12.7",
      "resolved": "https://registry.npmjs.org/@lion/input-date/-/input-date-0.12.7.tgz",
      "integrity": "sha512-ZBg+k/jJ+z62m2nBmart+ByZqYeKXbIT2P+yWC0tjwh2OSPEQ+VJadYthABe1pACMmmZG6wsiFXZqS+q9sLyHQ==",
      "dependencies": {
        "@lion/core": "0.18.3",
        "@lion/form-core": "0.15.2",
        "@lion/input": "0.15.5",
        "@lion/localize": "0.21.1",
        "@lion/validate-messages": "0.7.5"
      }
    },
    "node_modules/@lion/input-datepicker": {
      "version": "0.23.7",
      "resolved": "https://registry.npmjs.org/@lion/input-datepicker/-/input-datepicker-0.23.7.tgz",
      "integrity": "sha512-875NMc0Q1ahdmIyU+EHLWNWIgvEW/YD8C1w6hORxHHi2dFNBq8HPXmXrm4/K6W3zAzxjT7J/EyTvLirzjUnf5Q==",
      "dependencies": {
        "@lion/calendar": "0.16.5",
        "@lion/core": "0.18.3",
        "@lion/form-core": "0.15.2",
        "@lion/input-date": "0.12.7",
        "@lion/localize": "0.21.1",
        "@lion/overlays": "0.28.4",
        "@lion/validate-messages": "0.7.5"
      }
    },
    "node_modules/@lion/input-email": {
      "version": "0.13.7",
      "resolved": "https://registry.npmjs.org/@lion/input-email/-/input-email-0.13.7.tgz",
      "integrity": "sha512-jdfLpbz3KfoCaVzkjQRtFWNofo1OC0jr79W7PgqQhuccrT6WKaKZVeT9/mRvWdc/gQ6Wa2ZarTXtxJFZQGidtw==",
      "dependencies": {
        "@lion/core": "0.18.3",
        "@lion/form-core": "0.15.2",
        "@lion/input": "0.15.5",
        "@lion/localize": "0.21.1",
        "@lion/validate-messages": "0.7.5"
      }
    },
    "node_modules/@lion/input-iban": {
      "version": "0.16.5",
      "resolved": "https://registry.npmjs.org/@lion/input-iban/-/input-iban-0.16.5.tgz",
      "integrity": "sha512-IQO0O+oaNLTfxX9bYO8WuK+jJF6LPVbEX3s3NCyCqhHyU+h7KioZyWy4LA+CPHEm558sIAJkwX9pPayHAz51Vw==",
      "dependencies": {
        "@lion/core": "0.18.3",
        "@lion/form-core": "0.15.2",
        "@lion/input": "0.15.5",
        "@lion/localize": "0.21.1",
        "@lion/validate-messages": "0.7.5",
        "ibantools": "^2.2.0"
      }
    },
    "node_modules/@lion/input-range": {
      "version": "0.10.6",
      "resolved": "https://registry.npmjs.org/@lion/input-range/-/input-range-0.10.6.tgz",
      "integrity": "sha512-LMLmIOej60xGzUDmumNJ1qkI/I2g79+f+Z9Np/ZQ+dH4Yxc5PGwK2Y+HGhKffuNJ7hSD+ylPLsJ+LCwVpB4y0g==",
      "dependencies": {
        "@lion/core": "0.18.3",
        "@lion/input": "0.15.5",
        "@lion/localize": "0.21.1"
      }
    },
    "node_modules/@lion/input-stepper": {
      "version": "0.6.5",
      "resolved": "https://registry.npmjs.org/@lion/input-stepper/-/input-stepper-0.6.5.tgz",
      "integrity": "sha512-Edo/lk37dgohXBPG2cZ3HB9SnLakt+hpDUb1PGB6KbLI4o3Rqwx4TTNc7H1CvudNArKhhSUVpj+xuXx60nTPXw==",
      "dependencies": {
        "@lion/core": "0.18.3",
        "@lion/form-core": "0.15.2",
        "@lion/input": "0.15.5"
      }
    },
    "node_modules/@lion/listbox": {
      "version": "0.10.5",
      "resolved": "https://registry.npmjs.org/@lion/listbox/-/listbox-0.10.5.tgz",
      "integrity": "sha512-9iSGO5a6Y9sDXTwG0zm1LRozO156bS3U0uBtP7KvYgiXjM/nNH1oUXUq4+2Ic964hvfCA4UqyAUyCylh0GoZ1g==",
      "dependencies": {
        "@lion/core": "0.18.3",
        "@lion/form-core": "0.15.2"
      }
    },
    "node_modules/@lion/localize": {
      "version": "0.21.1",
      "resolved": "https://registry.npmjs.org/@lion/localize/-/localize-0.21.1.tgz",
      "integrity": "sha512-v9Jb0ZGmCqdaHX3zTqDnGo3cX7L4H5kb9hcTWd3Cvppujr/r3x7XOzWB7tJo6fk49l3El2V7SoV8/FtVvJfK2w==",
      "dependencies": {
        "@bundled-es-modules/message-format": "6.0.4",
        "@lion/core": "0.18.3",
        "singleton-manager": "1.4.2"
      }
    },
    "node_modules/@lion/overlays": {
      "version": "0.28.4",
      "resolved": "https://registry.npmjs.org/@lion/overlays/-/overlays-0.28.4.tgz",
      "integrity": "sha512-T5GQXcJKOer+p7d93w8K3XXnCixU7DX8alK85mjHK5AQfgWKGMiMQDonZ2u/kOLomefY/9vJ0WlV1BGZ7pIisg==",
      "dependencies": {
        "@lion/core": "0.18.3",
        "@popperjs/core": "^2.5.4",
        "singleton-manager": "1.4.2"
      }
    },
    "node_modules/@lion/radio-group": {
      "version": "0.18.5",
      "resolved": "https://registry.npmjs.org/@lion/radio-group/-/radio-group-0.18.5.tgz",
      "integrity": "sha512-0Wp0LRCiHZasbuBBmAiEtwwXjYMbed78zaOzCy5IIomf5x+DfrF2IqK0WWiKnJ7DmjOxNBBWMQ/5m60DC0SyxQ==",
      "dependencies": {
        "@lion/core": "0.18.3",
        "@lion/form-core": "0.15.2",
        "@lion/input": "0.15.5"
      }
    },
    "node_modules/@lion/select": {
      "version": "0.14.5",
      "resolved": "https://registry.npmjs.org/@lion/select/-/select-0.14.5.tgz",
      "integrity": "sha512-hwISgiHkHPnHUIXdWo7bnSpPEd1YUQT3WTmW0vEXI7OCDaVtb5OpCy9rwuvOMTheJ9gTbgTTyTYw/gGYaKdwpA==",
      "dependencies": {
        "@lion/core": "0.18.3",
        "@lion/form-core": "0.15.2"
      }
    },
    "node_modules/@lion/select-rich": {
      "version": "0.27.5",
      "resolved": "https://registry.npmjs.org/@lion/select-rich/-/select-rich-0.27.5.tgz",
      "integrity": "sha512-+vY8mj24zjAlxLyFO2hwa2wlG+9Oyvu75nLFCRUAS6KlLXxfvTnCMXt9Fnuq7kTdQfDK3esYgXsoIlv9+4JLIA==",
      "dependencies": {
        "@lion/button": "0.14.3",
        "@lion/core": "0.18.3",
        "@lion/form-core": "0.15.2",
        "@lion/listbox": "0.10.5",
        "@lion/overlays": "0.28.4"
      }
    },
    "node_modules/@lion/switch": {
      "version": "0.18.0",
      "resolved": "https://registry.npmjs.org/@lion/switch/-/switch-0.18.0.tgz",
      "integrity": "sha512-drt9rWjFEOmI5MMrd7ivNqtVqdU3LYgM4yUMHv5IqbwmyBgTzib/0Wa+AD9pRIzst/bbI6nNtsQvPqwMPgJgqw==",
      "dependencies": {
        "@lion/core": "0.18.3",
        "@lion/form-core": "0.15.2",
        "@lion/helpers": "0.9.3"
      }
    },
    "node_modules/@lion/tabs": {
      "version": "0.9.3",
      "resolved": "https://registry.npmjs.org/@lion/tabs/-/tabs-0.9.3.tgz",
      "integrity": "sha512-B6bnQFXKZ01F2TVpI17S/NiGDvkKEwcYY7Yp1YHIXsq7FLhNKoqu08fS9E0ea1v4gNUa+95LV2ooYa0xCrdM5A==",
      "dependencies": {
        "@lion/core": "0.18.3"
      }
    },
    "node_modules/@lion/textarea": {
      "version": "0.13.5",
      "resolved": "https://registry.npmjs.org/@lion/textarea/-/textarea-0.13.5.tgz",
      "integrity": "sha512-v+tV05X6lGyhWQHXFcP3Ap/bHbL/LYzAEJ3eEn7mAJDPt8GiTcOlianuEpRtlHIwvCeHNvfFfTTGHzRxhZDUZA==",
      "dependencies": {
        "@lion/core": "0.18.3",
        "@lion/form-core": "0.15.2",
        "@types/autosize": "^3.0.7",
        "autosize": "4.0.2"
      }
    },
    "node_modules/@lion/tooltip": {
      "version": "0.21.4",
      "resolved": "https://registry.npmjs.org/@lion/tooltip/-/tooltip-0.21.4.tgz",
      "integrity": "sha512-QIGIEW/8F0Of0ThMe7fVZkmv1IutRuLgjmABEQ3IPRlHihbnd4uMUu89dfh+b3/7TAZICK78zKXW/o+DfpL5lw==",
      "dependencies": {
        "@lion/core": "0.18.3",
        "@lion/overlays": "0.28.4"
      }
    },
    "node_modules/@lion/validate-messages": {
      "version": "0.7.5",
      "resolved": "https://registry.npmjs.org/@lion/validate-messages/-/validate-messages-0.7.5.tgz",
      "integrity": "sha512-zfxeR/Fe8Ef6arAQwvu/ibVOZVNra+7meE83xgh6O/9L6hR0JL9+kPBoMQXhcNZ5biH8WiVIbAjCRYXQz6sLzw==",
      "dependencies": {
        "@lion/form-core": "0.15.2",
        "@lion/localize": "0.21.1"
      }
    },
    "node_modules/@lit/reactive-element": {
      "version": "1.0.1",
      "resolved": "https://registry.npmjs.org/@lit/reactive-element/-/reactive-element-1.0.1.tgz",
      "integrity": "sha512-nSD5AA2AZkKuXuvGs8IK7K5ZczLAogfDd26zT9l6S7WzvqALdVWcW5vMUiTnZyj5SPcNwNNANj0koeV1ieqTFQ=="
    },
    "node_modules/@open-wc/dedupe-mixin": {
      "version": "1.3.0",
      "resolved": "https://registry.npmjs.org/@open-wc/dedupe-mixin/-/dedupe-mixin-1.3.0.tgz",
      "integrity": "sha512-UfdK1MPnR6T7f3svzzYBfu3qBkkZ/KsPhcpc3JYhsUY4hbpwNF9wEQtD4Z+/mRqMTJrKg++YSxIxE0FBhY3RIw=="
    },
    "node_modules/@open-wc/scoped-elements": {
      "version": "2.0.1",
      "resolved": "https://registry.npmjs.org/@open-wc/scoped-elements/-/scoped-elements-2.0.1.tgz",
      "integrity": "sha512-JS6ozxUFwFX3+Er91v9yQzNIaFn7OnE0iESKTbFvkkKdNwvAPtp1fpckBKIvWk8Ae9ZcoI9DYZuT2DDbMPcadA==",
      "dependencies": {
        "@lit/reactive-element": "^1.0.0",
        "@open-wc/dedupe-mixin": "^1.3.0",
        "@webcomponents/scoped-custom-element-registry": "^0.0.3"
      }
    },
    "node_modules/@popperjs/core": {
      "version": "2.10.2",
      "resolved": "https://registry.npmjs.org/@popperjs/core/-/core-2.10.2.tgz",
      "integrity": "sha512-IXf3XA7+XyN7CP9gGh/XB0UxVMlvARGEgGXLubFICsUMGz6Q+DU+i4gGlpOxTjKvXjkJDJC8YdqdKkDj9qZHEQ==",
      "funding": {
        "type": "opencollective",
        "url": "https://opencollective.com/popperjs"
      }
    },
    "node_modules/@types/autosize": {
      "version": "3.0.7",
      "resolved": "https://registry.npmjs.org/@types/autosize/-/autosize-3.0.7.tgz",
      "integrity": "sha512-D46m3aBNg81QKk9ZigmDFuhXUkD4IpBSrkGUKpYo2QBETbUjqEe8msXNCcECaXLXv1O4ppdMpizgFRzpfrgOxA==",
      "dependencies": {
        "@types/jquery": "*"
      }
    },
    "node_modules/@types/jquery": {
      "version": "3.5.7",
      "resolved": "https://registry.npmjs.org/@types/jquery/-/jquery-3.5.7.tgz",
      "integrity": "sha512-Why+9t1KuqWtIqYKtbk6wgWbE1PjyXJOyGkpmTUh0RX5p4HL7nnRuBkjAO9P2r9tGQP6bLWxl77jRLew3V5xXg==",
      "dependencies": {
        "@types/sizzle": "*"
      }
    },
    "node_modules/@types/sizzle": {
      "version": "2.3.3",
      "resolved": "https://registry.npmjs.org/@types/sizzle/-/sizzle-2.3.3.tgz",
      "integrity": "sha512-JYM8x9EGF163bEyhdJBpR2QX1R5naCJHC8ucJylJ3w9/CVBaskdQ8WqBf8MmQrd1kRvp/a4TS8HJ+bxzR7ZJYQ=="
    },
    "node_modules/@types/trusted-types": {
      "version": "2.0.2",
      "resolved": "https://registry.npmjs.org/@types/trusted-types/-/trusted-types-2.0.2.tgz",
      "integrity": "sha512-F5DIZ36YVLE+PN+Zwws4kJogq47hNgX3Nx6WyDJ3kcplxyke3XIzB8uK5n/Lpm1HBsbGzd6nmGehL8cPekP+Tg=="
    },
    "node_modules/@webcomponents/scoped-custom-element-registry": {
      "version": "0.0.3",
      "resolved": "https://registry.npmjs.org/@webcomponents/scoped-custom-element-registry/-/scoped-custom-element-registry-0.0.3.tgz",
      "integrity": "sha512-lpSzgDCGbM99dytb3+J3Suo4+Bk1E13MPnWB42JK8GwxSAxFz+tC7TTv2hhDSIE2IirGNKNKCf3m08ecu6eAsQ=="
    },
    "node_modules/autosize": {
      "version": "4.0.2",
      "resolved": "https://registry.npmjs.org/autosize/-/autosize-4.0.2.tgz",
      "integrity": "sha512-jnSyH2d+qdfPGpWlcuhGiHmqBJ6g3X+8T+iRwFrHPLVcdoGJE/x6Qicm6aDHfTsbgZKxyV8UU/YB2p4cjKDRRA=="
    },
    "node_modules/dark-theme-utils": {
      "version": "0.4.0",
      "resolved": "https://registry.npmjs.org/dark-theme-utils/-/dark-theme-utils-0.4.0.tgz",
      "integrity": "sha512-2cutX5uL5xzowvvrgCMIsmPGLbrpV0PsCD8yR0JL3SOKDKVcMFz8akKYJ+VvYiaaboMPIGY0kyHzysYimOnaiw==",
      "dependencies": {
        "@open-wc/dedupe-mixin": "^1.3.0"
      }
    },
    "node_modules/ibantools": {
      "version": "2.2.0",
      "resolved": "https://registry.npmjs.org/ibantools/-/ibantools-2.2.0.tgz",
      "integrity": "sha512-avdGWvx7KCeb6HROtSdl2hvcvU5MJVU837dshNZjq2j6lVsgVmQGA9N7IAbI7bfXMTRvRXzTRaNNck9khL1CjA=="
    },
    "node_modules/lit": {
      "version": "2.0.0-rc.4",
      "resolved": "https://registry.npmjs.org/lit/-/lit-2.0.0-rc.4.tgz",
      "integrity": "sha512-HPJrSvK377a1E5eSAUG+eTJWIOJFGNtnfbGPHY4vbc0Ud9GTFSwMEbeAOIJnA+5q92cafR38F1bWOyo4a2ncag==",
      "dependencies": {
        "@lit/reactive-element": "^1.0.0-rc.2",
        "lit-element": "^3.0.0-rc.2",
        "lit-html": "^2.0.0-rc.4"
      }
    },
    "node_modules/lit-element": {
      "version": "3.0.1",
      "resolved": "https://registry.npmjs.org/lit-element/-/lit-element-3.0.1.tgz",
      "integrity": "sha512-vs9uybH9ORyK49CFjoNGN85HM9h5bmisU4TQ63phe/+GYlwvY/3SIFYKdjV6xNvzz8v2MnVC+9+QOkPqh+Q3Ew==",
      "dependencies": {
        "@lit/reactive-element": "^1.0.0",
        "lit-html": "^2.0.0"
      }
    },
    "node_modules/lit-html": {
      "version": "2.0.1",
      "resolved": "https://registry.npmjs.org/lit-html/-/lit-html-2.0.1.tgz",
      "integrity": "sha512-KF5znvFdXbxTYM/GjpdOOnMsjgRcFGusTnB54ixnCTya5zUR0XqrDRj29ybuLS+jLXv1jji6Y8+g4W7WP8uL4w==",
      "dependencies": {
        "@types/trusted-types": "^2.0.2"
      }
    },
    "node_modules/singleton-manager": {
      "version": "1.4.2",
      "resolved": "https://registry.npmjs.org/singleton-manager/-/singleton-manager-1.4.2.tgz",
      "integrity": "sha512-3/K7K61TiN0+tw32HRC3AZQBacN0Ky/NmHEnhofFPEFROqZ5T6BXK45Z94OQsvuFD2euOVOU40XDNeTal63Baw=="
    }
  },
  "dependencies": {
    "@bundled-es-modules/message-format": {
      "version": "6.0.4",
      "resolved": "https://registry.npmjs.org/@bundled-es-modules/message-format/-/message-format-6.0.4.tgz",
      "integrity": "sha512-NGUoPxqsBzDwvRhY3A3L/AhS1hzS9OWappfyDOyCwE7G3W4ua28gau7QwvJz7QzA6ArbAdeb8c1mLjvd1WUFAA=="
    },
    "@lion/button": {
      "version": "0.14.3",
      "resolved": "https://registry.npmjs.org/@lion/button/-/button-0.14.3.tgz",
      "integrity": "sha512-QQ79Nio3HcsF7wX72wi45DA2dzoCsH9bULYEh6E8xEZqM7gF9CMIUSKgTVZ19V9XKycbRLfKjh6dAAH8aamzFw==",
      "requires": {
        "@lion/core": "0.18.3"
      }
    },
    "@lion/calendar": {
      "version": "0.16.5",
      "resolved": "https://registry.npmjs.org/@lion/calendar/-/calendar-0.16.5.tgz",
      "integrity": "sha512-UnRUtzSym53v+ykCsjq1BpLEaaGupe8RO1F+46ABNiB9fqTXqUz8w9miK10IEyfZgUsf0biQMrJlG9KrZn1l9w==",
      "requires": {
        "@lion/core": "0.18.3",
        "@lion/localize": "0.21.1"
      }
    },
    "@lion/checkbox-group": {
      "version": "0.18.5",
      "resolved": "https://registry.npmjs.org/@lion/checkbox-group/-/checkbox-group-0.18.5.tgz",
      "integrity": "sha512-XaOKfmT7cx/8zgFBdQQGD6Bvro+OYMDo0oF0d1l3ukzJYCBOLOtqrnUmAilORaR12gbwUZzv49h3XzU0xKsneg==",
      "requires": {
        "@lion/core": "0.18.3",
        "@lion/form-core": "0.15.2",
        "@lion/input": "0.15.5"
      }
    },
    "@lion/collapsible": {
      "version": "0.6.3",
      "resolved": "https://registry.npmjs.org/@lion/collapsible/-/collapsible-0.6.3.tgz",
      "integrity": "sha512-SGwb69uAx6FXuV044dr15DInB4o7O3idBSZjh0EN+pC46ms6zCoGzBPaoVD0XPyNzYXZV6FELihQprRLXJVYxA==",
      "requires": {
        "@lion/core": "0.18.3"
      }
    },
    "@lion/core": {
      "version": "0.18.3",
      "resolved": "https://registry.npmjs.org/@lion/core/-/core-0.18.3.tgz",
      "integrity": "sha512-BDRuwLnsyg/kDE382xBoe4ytsEsiDkov0h3VN66Y9tvMpnChf6BxAkfY7g+LlxgbsNihmZnykE+eGE7cfP5PSw==",
      "requires": {
        "@open-wc/dedupe-mixin": "^1.2.18",
        "@open-wc/scoped-elements": "^2.0.0-next.3",
        "lit": "^2.0.0-rc.2"
      }
    },
    "@lion/dialog": {
      "version": "0.13.4",
      "resolved": "https://registry.npmjs.org/@lion/dialog/-/dialog-0.13.4.tgz",
      "integrity": "sha512-H/hW+nvDJlr4rTVdXxganRoXEnqEV84NqxE4HAlFsJ/RGghmCwQWyad0xo3ecjvWy6mg8fpcVFXK/2cld5y8Qg==",
      "requires": {
        "@lion/core": "0.18.3",
        "@lion/overlays": "0.28.4"
      }
    },
    "@lion/form-core": {
      "version": "0.15.2",
      "resolved": "https://registry.npmjs.org/@lion/form-core/-/form-core-0.15.2.tgz",
      "integrity": "sha512-wMN4m2zPw0o+XwGB1z9oJ6UTg0L7XeVxzpLQmZqUrgsRP/jiq09q0kEj6rX0R/eSBXbcowemF+p43sBO9wEgoA==",
      "requires": {
        "@lion/core": "0.18.3",
        "@lion/localize": "0.21.1"
      }
    },
    "@lion/helpers": {
      "version": "0.9.3",
      "resolved": "https://registry.npmjs.org/@lion/helpers/-/helpers-0.9.3.tgz",
      "integrity": "sha512-tz/VFIl+QGbSfmlfL+ajKPvQhIur7f6GWe2G3x4abURBJ7DV/AjHhnCjsMIetYFMgHy2EJNzbeComAUoCX+eIQ==",
      "requires": {
        "@lion/core": "0.18.3"
      }
    },
    "@lion/icon": {
      "version": "0.13.3",
      "resolved": "https://registry.npmjs.org/@lion/icon/-/icon-0.13.3.tgz",
      "integrity": "sha512-ajKi00pWGaHr71eQRoFCnIj7MEdviHPLAckVeYVYdkehw/WO+dikXUK9lcQaLLk9UlP/qkJUGrt0lxHCRhXQSA==",
      "requires": {
        "@lion/core": "0.18.3",
        "singleton-manager": "1.4.2"
      }
    },
    "@lion/input": {
      "version": "0.15.5",
      "resolved": "https://registry.npmjs.org/@lion/input/-/input-0.15.5.tgz",
      "integrity": "sha512-k15S+TRvAQH+ov58vcHOK+GY/elTpx3DCWVR6YGMxUMqLLQV3qn99LUG195wXW9ziUSCLLLA1CR4ORDP6l9fXA==",
      "requires": {
        "@lion/form-core": "0.15.2"
      }
    },
    "@lion/input-amount": {
      "version": "0.14.5",
      "resolved": "https://registry.npmjs.org/@lion/input-amount/-/input-amount-0.14.5.tgz",
      "integrity": "sha512-GRxw6IP2F+zGATiamNNKqxW5tN3Uzqs00JhBIrO4+IhrjlgFD7tNLGGkljGek8TQd6n0WZm7QhE2+y11Z94R2w==",
      "requires": {
        "@lion/core": "0.18.3",
        "@lion/form-core": "0.15.2",
        "@lion/input": "0.15.5",
        "@lion/localize": "0.21.1",
        "@lion/validate-messages": "0.7.5"
      }
    },
    "@lion/input-date": {
      "version": "0.12.7",
      "resolved": "https://registry.npmjs.org/@lion/input-date/-/input-date-0.12.7.tgz",
      "integrity": "sha512-ZBg+k/jJ+z62m2nBmart+ByZqYeKXbIT2P+yWC0tjwh2OSPEQ+VJadYthABe1pACMmmZG6wsiFXZqS+q9sLyHQ==",
      "requires": {
        "@lion/core": "0.18.3",
        "@lion/form-core": "0.15.2",
        "@lion/input": "0.15.5",
        "@lion/localize": "0.21.1",
        "@lion/validate-messages": "0.7.5"
      }
    },
    "@lion/input-datepicker": {
      "version": "0.23.7",
      "resolved": "https://registry.npmjs.org/@lion/input-datepicker/-/input-datepicker-0.23.7.tgz",
      "integrity": "sha512-875NMc0Q1ahdmIyU+EHLWNWIgvEW/YD8C1w6hORxHHi2dFNBq8HPXmXrm4/K6W3zAzxjT7J/EyTvLirzjUnf5Q==",
      "requires": {
        "@lion/calendar": "0.16.5",
        "@lion/core": "0.18.3",
        "@lion/form-core": "0.15.2",
        "@lion/input-date": "0.12.7",
        "@lion/localize": "0.21.1",
        "@lion/overlays": "0.28.4",
        "@lion/validate-messages": "0.7.5"
      }
    },
    "@lion/input-email": {
      "version": "0.13.7",
      "resolved": "https://registry.npmjs.org/@lion/input-email/-/input-email-0.13.7.tgz",
      "integrity": "sha512-jdfLpbz3KfoCaVzkjQRtFWNofo1OC0jr79W7PgqQhuccrT6WKaKZVeT9/mRvWdc/gQ6Wa2ZarTXtxJFZQGidtw==",
      "requires": {
        "@lion/core": "0.18.3",
        "@lion/form-core": "0.15.2",
        "@lion/input": "0.15.5",
        "@lion/localize": "0.21.1",
        "@lion/validate-messages": "0.7.5"
      }
    },
    "@lion/input-iban": {
      "version": "0.16.5",
      "resolved": "https://registry.npmjs.org/@lion/input-iban/-/input-iban-0.16.5.tgz",
      "integrity": "sha512-IQO0O+oaNLTfxX9bYO8WuK+jJF6LPVbEX3s3NCyCqhHyU+h7KioZyWy4LA+CPHEm558sIAJkwX9pPayHAz51Vw==",
      "requires": {
        "@lion/core": "0.18.3",
        "@lion/form-core": "0.15.2",
        "@lion/input": "0.15.5",
        "@lion/localize": "0.21.1",
        "@lion/validate-messages": "0.7.5",
        "ibantools": "^2.2.0"
      }
    },
    "@lion/input-range": {
      "version": "0.10.6",
      "resolved": "https://registry.npmjs.org/@lion/input-range/-/input-range-0.10.6.tgz",
      "integrity": "sha512-LMLmIOej60xGzUDmumNJ1qkI/I2g79+f+Z9Np/ZQ+dH4Yxc5PGwK2Y+HGhKffuNJ7hSD+ylPLsJ+LCwVpB4y0g==",
      "requires": {
        "@lion/core": "0.18.3",
        "@lion/input": "0.15.5",
        "@lion/localize": "0.21.1"
      }
    },
    "@lion/input-stepper": {
      "version": "0.6.5",
      "resolved": "https://registry.npmjs.org/@lion/input-stepper/-/input-stepper-0.6.5.tgz",
      "integrity": "sha512-Edo/lk37dgohXBPG2cZ3HB9SnLakt+hpDUb1PGB6KbLI4o3Rqwx4TTNc7H1CvudNArKhhSUVpj+xuXx60nTPXw==",
      "requires": {
        "@lion/core": "0.18.3",
        "@lion/form-core": "0.15.2",
        "@lion/input": "0.15.5"
      }
    },
    "@lion/listbox": {
      "version": "0.10.5",
      "resolved": "https://registry.npmjs.org/@lion/listbox/-/listbox-0.10.5.tgz",
      "integrity": "sha512-9iSGO5a6Y9sDXTwG0zm1LRozO156bS3U0uBtP7KvYgiXjM/nNH1oUXUq4+2Ic964hvfCA4UqyAUyCylh0GoZ1g==",
      "requires": {
        "@lion/core": "0.18.3",
        "@lion/form-core": "0.15.2"
      }
    },
    "@lion/localize": {
      "version": "0.21.1",
      "resolved": "https://registry.npmjs.org/@lion/localize/-/localize-0.21.1.tgz",
      "integrity": "sha512-v9Jb0ZGmCqdaHX3zTqDnGo3cX7L4H5kb9hcTWd3Cvppujr/r3x7XOzWB7tJo6fk49l3El2V7SoV8/FtVvJfK2w==",
      "requires": {
        "@bundled-es-modules/message-format": "6.0.4",
        "@lion/core": "0.18.3",
        "singleton-manager": "1.4.2"
      }
    },
    "@lion/overlays": {
      "version": "0.28.4",
      "resolved": "https://registry.npmjs.org/@lion/overlays/-/overlays-0.28.4.tgz",
      "integrity": "sha512-T5GQXcJKOer+p7d93w8K3XXnCixU7DX8alK85mjHK5AQfgWKGMiMQDonZ2u/kOLomefY/9vJ0WlV1BGZ7pIisg==",
      "requires": {
        "@lion/core": "0.18.3",
        "@popperjs/core": "^2.5.4",
        "singleton-manager": "1.4.2"
      }
    },
    "@lion/radio-group": {
      "version": "0.18.5",
      "resolved": "https://registry.npmjs.org/@lion/radio-group/-/radio-group-0.18.5.tgz",
      "integrity": "sha512-0Wp0LRCiHZasbuBBmAiEtwwXjYMbed78zaOzCy5IIomf5x+DfrF2IqK0WWiKnJ7DmjOxNBBWMQ/5m60DC0SyxQ==",
      "requires": {
        "@lion/core": "0.18.3",
        "@lion/form-core": "0.15.2",
        "@lion/input": "0.15.5"
      }
    },
    "@lion/select": {
      "version": "0.14.5",
      "resolved": "https://registry.npmjs.org/@lion/select/-/select-0.14.5.tgz",
      "integrity": "sha512-hwISgiHkHPnHUIXdWo7bnSpPEd1YUQT3WTmW0vEXI7OCDaVtb5OpCy9rwuvOMTheJ9gTbgTTyTYw/gGYaKdwpA==",
      "requires": {
        "@lion/core": "0.18.3",
        "@lion/form-core": "0.15.2"
      }
    },
    "@lion/select-rich": {
      "version": "0.27.5",
      "resolved": "https://registry.npmjs.org/@lion/select-rich/-/select-rich-0.27.5.tgz",
      "integrity": "sha512-+vY8mj24zjAlxLyFO2hwa2wlG+9Oyvu75nLFCRUAS6KlLXxfvTnCMXt9Fnuq7kTdQfDK3esYgXsoIlv9+4JLIA==",
      "requires": {
        "@lion/button": "0.14.3",
        "@lion/core": "0.18.3",
        "@lion/form-core": "0.15.2",
        "@lion/listbox": "0.10.5",
        "@lion/overlays": "0.28.4"
      }
    },
    "@lion/switch": {
      "version": "0.18.0",
      "resolved": "https://registry.npmjs.org/@lion/switch/-/switch-0.18.0.tgz",
      "integrity": "sha512-drt9rWjFEOmI5MMrd7ivNqtVqdU3LYgM4yUMHv5IqbwmyBgTzib/0Wa+AD9pRIzst/bbI6nNtsQvPqwMPgJgqw==",
      "requires": {
        "@lion/core": "0.18.3",
        "@lion/form-core": "0.15.2",
        "@lion/helpers": "0.9.3"
      }
    },
    "@lion/tabs": {
      "version": "0.9.3",
      "resolved": "https://registry.npmjs.org/@lion/tabs/-/tabs-0.9.3.tgz",
      "integrity": "sha512-B6bnQFXKZ01F2TVpI17S/NiGDvkKEwcYY7Yp1YHIXsq7FLhNKoqu08fS9E0ea1v4gNUa+95LV2ooYa0xCrdM5A==",
      "requires": {
        "@lion/core": "0.18.3"
      }
    },
    "@lion/textarea": {
      "version": "0.13.5",
      "resolved": "https://registry.npmjs.org/@lion/textarea/-/textarea-0.13.5.tgz",
      "integrity": "sha512-v+tV05X6lGyhWQHXFcP3Ap/bHbL/LYzAEJ3eEn7mAJDPt8GiTcOlianuEpRtlHIwvCeHNvfFfTTGHzRxhZDUZA==",
      "requires": {
        "@lion/core": "0.18.3",
        "@lion/form-core": "0.15.2",
        "@types/autosize": "^3.0.7",
        "autosize": "4.0.2"
      }
    },
    "@lion/tooltip": {
      "version": "0.21.4",
      "resolved": "https://registry.npmjs.org/@lion/tooltip/-/tooltip-0.21.4.tgz",
      "integrity": "sha512-QIGIEW/8F0Of0ThMe7fVZkmv1IutRuLgjmABEQ3IPRlHihbnd4uMUu89dfh+b3/7TAZICK78zKXW/o+DfpL5lw==",
      "requires": {
        "@lion/core": "0.18.3",
        "@lion/overlays": "0.28.4"
      }
    },
    "@lion/validate-messages": {
      "version": "0.7.5",
      "resolved": "https://registry.npmjs.org/@lion/validate-messages/-/validate-messages-0.7.5.tgz",
      "integrity": "sha512-zfxeR/Fe8Ef6arAQwvu/ibVOZVNra+7meE83xgh6O/9L6hR0JL9+kPBoMQXhcNZ5biH8WiVIbAjCRYXQz6sLzw==",
      "requires": {
        "@lion/form-core": "0.15.2",
        "@lion/localize": "0.21.1"
      }
    },
    "@lit/reactive-element": {
      "version": "1.0.1",
      "resolved": "https://registry.npmjs.org/@lit/reactive-element/-/reactive-element-1.0.1.tgz",
      "integrity": "sha512-nSD5AA2AZkKuXuvGs8IK7K5ZczLAogfDd26zT9l6S7WzvqALdVWcW5vMUiTnZyj5SPcNwNNANj0koeV1ieqTFQ=="
    },
    "@open-wc/dedupe-mixin": {
      "version": "1.3.0",
      "resolved": "https://registry.npmjs.org/@open-wc/dedupe-mixin/-/dedupe-mixin-1.3.0.tgz",
      "integrity": "sha512-UfdK1MPnR6T7f3svzzYBfu3qBkkZ/KsPhcpc3JYhsUY4hbpwNF9wEQtD4Z+/mRqMTJrKg++YSxIxE0FBhY3RIw=="
    },
    "@open-wc/scoped-elements": {
      "version": "2.0.1",
      "resolved": "https://registry.npmjs.org/@open-wc/scoped-elements/-/scoped-elements-2.0.1.tgz",
      "integrity": "sha512-JS6ozxUFwFX3+Er91v9yQzNIaFn7OnE0iESKTbFvkkKdNwvAPtp1fpckBKIvWk8Ae9ZcoI9DYZuT2DDbMPcadA==",
      "requires": {
        "@lit/reactive-element": "^1.0.0",
        "@open-wc/dedupe-mixin": "^1.3.0",
        "@webcomponents/scoped-custom-element-registry": "^0.0.3"
      }
    },
    "@popperjs/core": {
      "version": "2.10.2",
      "resolved": "https://registry.npmjs.org/@popperjs/core/-/core-2.10.2.tgz",
      "integrity": "sha512-IXf3XA7+XyN7CP9gGh/XB0UxVMlvARGEgGXLubFICsUMGz6Q+DU+i4gGlpOxTjKvXjkJDJC8YdqdKkDj9qZHEQ=="
    },
    "@types/autosize": {
      "version": "3.0.7",
      "resolved": "https://registry.npmjs.org/@types/autosize/-/autosize-3.0.7.tgz",
      "integrity": "sha512-D46m3aBNg81QKk9ZigmDFuhXUkD4IpBSrkGUKpYo2QBETbUjqEe8msXNCcECaXLXv1O4ppdMpizgFRzpfrgOxA==",
      "requires": {
        "@types/jquery": "*"
      }
    },
    "@types/jquery": {
      "version": "3.5.7",
      "resolved": "https://registry.npmjs.org/@types/jquery/-/jquery-3.5.7.tgz",
      "integrity": "sha512-Why+9t1KuqWtIqYKtbk6wgWbE1PjyXJOyGkpmTUh0RX5p4HL7nnRuBkjAO9P2r9tGQP6bLWxl77jRLew3V5xXg==",
      "requires": {
        "@types/sizzle": "*"
      }
    },
    "@types/sizzle": {
      "version": "2.3.3",
      "resolved": "https://registry.npmjs.org/@types/sizzle/-/sizzle-2.3.3.tgz",
      "integrity": "sha512-JYM8x9EGF163bEyhdJBpR2QX1R5naCJHC8ucJylJ3w9/CVBaskdQ8WqBf8MmQrd1kRvp/a4TS8HJ+bxzR7ZJYQ=="
    },
    "@types/trusted-types": {
      "version": "2.0.2",
      "resolved": "https://registry.npmjs.org/@types/trusted-types/-/trusted-types-2.0.2.tgz",
      "integrity": "sha512-F5DIZ36YVLE+PN+Zwws4kJogq47hNgX3Nx6WyDJ3kcplxyke3XIzB8uK5n/Lpm1HBsbGzd6nmGehL8cPekP+Tg=="
    },
    "@webcomponents/scoped-custom-element-registry": {
      "version": "0.0.3",
      "resolved": "https://registry.npmjs.org/@webcomponents/scoped-custom-element-registry/-/scoped-custom-element-registry-0.0.3.tgz",
      "integrity": "sha512-lpSzgDCGbM99dytb3+J3Suo4+Bk1E13MPnWB42JK8GwxSAxFz+tC7TTv2hhDSIE2IirGNKNKCf3m08ecu6eAsQ=="
    },
    "autosize": {
      "version": "4.0.2",
      "resolved": "https://registry.npmjs.org/autosize/-/autosize-4.0.2.tgz",
      "integrity": "sha512-jnSyH2d+qdfPGpWlcuhGiHmqBJ6g3X+8T+iRwFrHPLVcdoGJE/x6Qicm6aDHfTsbgZKxyV8UU/YB2p4cjKDRRA=="
    },
    "dark-theme-utils": {
      "version": "0.4.0",
      "resolved": "https://registry.npmjs.org/dark-theme-utils/-/dark-theme-utils-0.4.0.tgz",
      "integrity": "sha512-2cutX5uL5xzowvvrgCMIsmPGLbrpV0PsCD8yR0JL3SOKDKVcMFz8akKYJ+VvYiaaboMPIGY0kyHzysYimOnaiw==",
      "requires": {
        "@open-wc/dedupe-mixin": "^1.3.0"
      }
    },
    "ibantools": {
      "version": "2.2.0",
      "resolved": "https://registry.npmjs.org/ibantools/-/ibantools-2.2.0.tgz",
      "integrity": "sha512-avdGWvx7KCeb6HROtSdl2hvcvU5MJVU837dshNZjq2j6lVsgVmQGA9N7IAbI7bfXMTRvRXzTRaNNck9khL1CjA=="
    },
    "lit": {
      "version": "2.0.0-rc.4",
      "resolved": "https://registry.npmjs.org/lit/-/lit-2.0.0-rc.4.tgz",
      "integrity": "sha512-HPJrSvK377a1E5eSAUG+eTJWIOJFGNtnfbGPHY4vbc0Ud9GTFSwMEbeAOIJnA+5q92cafR38F1bWOyo4a2ncag==",
      "requires": {
        "@lit/reactive-element": "^1.0.0-rc.2",
        "lit-element": "^3.0.0-rc.2",
        "lit-html": "^2.0.0-rc.4"
      }
    },
    "lit-element": {
      "version": "3.0.1",
      "resolved": "https://registry.npmjs.org/lit-element/-/lit-element-3.0.1.tgz",
      "integrity": "sha512-vs9uybH9ORyK49CFjoNGN85HM9h5bmisU4TQ63phe/+GYlwvY/3SIFYKdjV6xNvzz8v2MnVC+9+QOkPqh+Q3Ew==",
      "requires": {
        "@lit/reactive-element": "^1.0.0",
        "lit-html": "^2.0.0"
      }
    },
    "lit-html": {
      "version": "2.0.1",
      "resolved": "https://registry.npmjs.org/lit-html/-/lit-html-2.0.1.tgz",
      "integrity": "sha512-KF5znvFdXbxTYM/GjpdOOnMsjgRcFGusTnB54ixnCTya5zUR0XqrDRj29ybuLS+jLXv1jji6Y8+g4W7WP8uL4w==",
      "requires": {
        "@types/trusted-types": "^2.0.2"
      }
    },
    "singleton-manager": {
      "version": "1.4.2",
      "resolved": "https://registry.npmjs.org/singleton-manager/-/singleton-manager-1.4.2.tgz",
      "integrity": "sha512-3/K7K61TiN0+tw32HRC3AZQBacN0Ky/NmHEnhofFPEFROqZ5T6BXK45Z94OQsvuFD2euOVOU40XDNeTal63Baw=="
    }
  }
}
